// !$*UTF8*$!
{
	archiveVersion = 1;
	classes = {
	};
	objectVersion = 55;
	objects = {

/* Begin PBXBuildFile section */
		543775CF2825CBE90029BF12 /* Pokemon.swift in Sources */ = {isa = PBXBuildFile; fileRef = 543775CE2825CBE90029BF12 /* Pokemon.swift */; };
		543775D22829B5930029BF12 /* PokedexResponse.json in Resources */ = {isa = PBXBuildFile; fileRef = 543775D12829B5930029BF12 /* PokedexResponse.json */; };
		543775D42829B6030029BF12 /* PokedexModel.swift in Sources */ = {isa = PBXBuildFile; fileRef = 543775D32829B6030029BF12 /* PokedexModel.swift */; };
		543775D62829C88B0029BF12 /* PokemonExpanded.swift in Sources */ = {isa = PBXBuildFile; fileRef = 543775D52829C88B0029BF12 /* PokemonExpanded.swift */; };
		543775DE2829CC390029BF12 /* BulbasaurResponse.json in Resources */ = {isa = PBXBuildFile; fileRef = 543775DD2829CC390029BF12 /* BulbasaurResponse.json */; };
		543775E12829E14C0029BF12 /* Networking in Frameworks */ = {isa = PBXBuildFile; productRef = 543775E02829E14C0029BF12 /* Networking */; };
		546E457F2829E1C100B2B6CF /* PokedexRequest.swift in Sources */ = {isa = PBXBuildFile; fileRef = 546E457E2829E1C100B2B6CF /* PokedexRequest.swift */; };
		546E45812829E4BB00B2B6CF /* PokemonExpandedRequest.swift in Sources */ = {isa = PBXBuildFile; fileRef = 546E45802829E4BB00B2B6CF /* PokemonExpandedRequest.swift */; };
		546E4585282B2D4700B2B6CF /* PokedexController.swift in Sources */ = {isa = PBXBuildFile; fileRef = 546E4584282B2D4700B2B6CF /* PokedexController.swift */; };
		54E08DF92825BEF500463097 /* AppDelegate.swift in Sources */ = {isa = PBXBuildFile; fileRef = 54E08DF82825BEF500463097 /* AppDelegate.swift */; };
		54E08DFB2825BEF500463097 /* SceneDelegate.swift in Sources */ = {isa = PBXBuildFile; fileRef = 54E08DFA2825BEF500463097 /* SceneDelegate.swift */; };
		54E08DFD2825BEF500463097 /* PokedexViewController.swift in Sources */ = {isa = PBXBuildFile; fileRef = 54E08DFC2825BEF500463097 /* PokedexViewController.swift */; };
		54E08E002825BEF500463097 /* Main.storyboard in Resources */ = {isa = PBXBuildFile; fileRef = 54E08DFE2825BEF500463097 /* Main.storyboard */; };
		54E08E022825BEF700463097 /* Assets.xcassets in Resources */ = {isa = PBXBuildFile; fileRef = 54E08E012825BEF700463097 /* Assets.xcassets */; };
		54E08E052825BEF700463097 /* LaunchScreen.storyboard in Resources */ = {isa = PBXBuildFile; fileRef = 54E08E032825BEF700463097 /* LaunchScreen.storyboard */; };
		54E08E102825BEF700463097 /* PokedexTests.swift in Sources */ = {isa = PBXBuildFile; fileRef = 54E08E0F2825BEF700463097 /* PokedexTests.swift */; };
		54E08E1A2825BEF700463097 /* PokedexUITests.swift in Sources */ = {isa = PBXBuildFile; fileRef = 54E08E192825BEF700463097 /* PokedexUITests.swift */; };
		54E08E1C2825BEF700463097 /* PokedexUITestsLaunchTests.swift in Sources */ = {isa = PBXBuildFile; fileRef = 54E08E1B2825BEF700463097 /* PokedexUITestsLaunchTests.swift */; };
		54E08E2C2825C70500463097 /* PokedexTableViewCell.swift in Sources */ = {isa = PBXBuildFile; fileRef = 54E08E2A2825C70500463097 /* PokedexTableViewCell.swift */; };
		54E08E2D2825C70500463097 /* PokedexTableViewCell.xib in Resources */ = {isa = PBXBuildFile; fileRef = 54E08E2B2825C70500463097 /* PokedexTableViewCell.xib */; };
/* End PBXBuildFile section */

/* Begin PBXContainerItemProxy section */
		54E08E0C2825BEF700463097 /* PBXContainerItemProxy */ = {
			isa = PBXContainerItemProxy;
			containerPortal = 54E08DED2825BEF500463097 /* Project object */;
			proxyType = 1;
			remoteGlobalIDString = 54E08DF42825BEF500463097;
			remoteInfo = Pokedex;
		};
		54E08E162825BEF700463097 /* PBXContainerItemProxy */ = {
			isa = PBXContainerItemProxy;
			containerPortal = 54E08DED2825BEF500463097 /* Project object */;
			proxyType = 1;
			remoteGlobalIDString = 54E08DF42825BEF500463097;
			remoteInfo = Pokedex;
		};
/* End PBXContainerItemProxy section */

/* Begin PBXFileReference section */
		543775CE2825CBE90029BF12 /* Pokemon.swift */ = {isa = PBXFileReference; lastKnownFileType = sourcecode.swift; path = Pokemon.swift; sourceTree = "<group>"; };
		543775D12829B5930029BF12 /* PokedexResponse.json */ = {isa = PBXFileReference; lastKnownFileType = text.json; path = PokedexResponse.json; sourceTree = "<group>"; };
		543775D32829B6030029BF12 /* PokedexModel.swift */ = {isa = PBXFileReference; lastKnownFileType = sourcecode.swift; path = PokedexModel.swift; sourceTree = "<group>"; };
		543775D52829C88B0029BF12 /* PokemonExpanded.swift */ = {isa = PBXFileReference; lastKnownFileType = sourcecode.swift; path = PokemonExpanded.swift; sourceTree = "<group>"; };
		543775DD2829CC390029BF12 /* BulbasaurResponse.json */ = {isa = PBXFileReference; lastKnownFileType = text.json; path = BulbasaurResponse.json; sourceTree = "<group>"; };
		546E457E2829E1C100B2B6CF /* PokedexRequest.swift */ = {isa = PBXFileReference; lastKnownFileType = sourcecode.swift; path = PokedexRequest.swift; sourceTree = "<group>"; };
		546E45802829E4BB00B2B6CF /* PokemonExpandedRequest.swift */ = {isa = PBXFileReference; lastKnownFileType = sourcecode.swift; path = PokemonExpandedRequest.swift; sourceTree = "<group>"; };
		546E4584282B2D4700B2B6CF /* PokedexController.swift */ = {isa = PBXFileReference; lastKnownFileType = sourcecode.swift; path = PokedexController.swift; sourceTree = "<group>"; };
		54E08DF52825BEF500463097 /* Pokedex.app */ = {isa = PBXFileReference; explicitFileType = wrapper.application; includeInIndex = 0; path = Pokedex.app; sourceTree = BUILT_PRODUCTS_DIR; };
		54E08DF82825BEF500463097 /* AppDelegate.swift */ = {isa = PBXFileReference; lastKnownFileType = sourcecode.swift; path = AppDelegate.swift; sourceTree = "<group>"; };
		54E08DFA2825BEF500463097 /* SceneDelegate.swift */ = {isa = PBXFileReference; lastKnownFileType = sourcecode.swift; path = SceneDelegate.swift; sourceTree = "<group>"; };
		54E08DFC2825BEF500463097 /* PokedexViewController.swift */ = {isa = PBXFileReference; lastKnownFileType = sourcecode.swift; path = PokedexViewController.swift; sourceTree = "<group>"; };
		54E08DFF2825BEF500463097 /* Base */ = {isa = PBXFileReference; lastKnownFileType = file.storyboard; name = Base; path = Base.lproj/Main.storyboard; sourceTree = "<group>"; };
		54E08E012825BEF700463097 /* Assets.xcassets */ = {isa = PBXFileReference; lastKnownFileType = folder.assetcatalog; path = Assets.xcassets; sourceTree = "<group>"; };
		54E08E042825BEF700463097 /* Base */ = {isa = PBXFileReference; lastKnownFileType = file.storyboard; name = Base; path = Base.lproj/LaunchScreen.storyboard; sourceTree = "<group>"; };
		54E08E062825BEF700463097 /* Info.plist */ = {isa = PBXFileReference; lastKnownFileType = text.plist.xml; path = Info.plist; sourceTree = "<group>"; };
		54E08E0B2825BEF700463097 /* PokedexTests.xctest */ = {isa = PBXFileReference; explicitFileType = wrapper.cfbundle; includeInIndex = 0; path = PokedexTests.xctest; sourceTree = BUILT_PRODUCTS_DIR; };
		54E08E0F2825BEF700463097 /* PokedexTests.swift */ = {isa = PBXFileReference; lastKnownFileType = sourcecode.swift; path = PokedexTests.swift; sourceTree = "<group>"; };
		54E08E152825BEF700463097 /* PokedexUITests.xctest */ = {isa = PBXFileReference; explicitFileType = wrapper.cfbundle; includeInIndex = 0; path = PokedexUITests.xctest; sourceTree = BUILT_PRODUCTS_DIR; };
		54E08E192825BEF700463097 /* PokedexUITests.swift */ = {isa = PBXFileReference; lastKnownFileType = sourcecode.swift; path = PokedexUITests.swift; sourceTree = "<group>"; };
		54E08E1B2825BEF700463097 /* PokedexUITestsLaunchTests.swift */ = {isa = PBXFileReference; lastKnownFileType = sourcecode.swift; path = PokedexUITestsLaunchTests.swift; sourceTree = "<group>"; };
		54E08E2A2825C70500463097 /* PokedexTableViewCell.swift */ = {isa = PBXFileReference; lastKnownFileType = sourcecode.swift; path = PokedexTableViewCell.swift; sourceTree = "<group>"; };
		54E08E2B2825C70500463097 /* PokedexTableViewCell.xib */ = {isa = PBXFileReference; lastKnownFileType = file.xib; path = PokedexTableViewCell.xib; sourceTree = "<group>"; };
/* End PBXFileReference section */

/* Begin PBXFrameworksBuildPhase section */
		54E08DF22825BEF500463097 /* Frameworks */ = {
			isa = PBXFrameworksBuildPhase;
			buildActionMask = 2147483647;
			files = (
				543775E12829E14C0029BF12 /* Networking in Frameworks */,
			);
			runOnlyForDeploymentPostprocessing = 0;
		};
		54E08E082825BEF700463097 /* Frameworks */ = {
			isa = PBXFrameworksBuildPhase;
			buildActionMask = 2147483647;
			files = (
			);
			runOnlyForDeploymentPostprocessing = 0;
		};
		54E08E122825BEF700463097 /* Frameworks */ = {
			isa = PBXFrameworksBuildPhase;
			buildActionMask = 2147483647;
			files = (
			);
			runOnlyForDeploymentPostprocessing = 0;
		};
/* End PBXFrameworksBuildPhase section */

/* Begin PBXGroup section */
		543775CC2825CBB60029BF12 /* Model */ = {
			isa = PBXGroup;
			children = (
				543775CD2825CBCA0029BF12 /* Pokemon */,
			);
			path = Model;
			sourceTree = "<group>";
		};
		543775CD2825CBCA0029BF12 /* Pokemon */ = {
			isa = PBXGroup;
			children = (
				543775CE2825CBE90029BF12 /* Pokemon.swift */,
				543775D32829B6030029BF12 /* PokedexModel.swift */,
				543775D52829C88B0029BF12 /* PokemonExpanded.swift */,
			);
			path = Pokemon;
			sourceTree = "<group>";
		};
		543775D02829B5720029BF12 /* Resources */ = {
			isa = PBXGroup;
			children = (
				543775D12829B5930029BF12 /* PokedexResponse.json */,
				543775DD2829CC390029BF12 /* BulbasaurResponse.json */,
			);
			path = Resources;
			sourceTree = "<group>";
		};
		543775E22829E1910029BF12 /* Data */ = {
			isa = PBXGroup;
			children = (
				546E457E2829E1C100B2B6CF /* PokedexRequest.swift */,
				546E45802829E4BB00B2B6CF /* PokemonExpandedRequest.swift */,
				546E4584282B2D4700B2B6CF /* PokedexController.swift */,
			);
			path = Data;
			sourceTree = "<group>";
		};
		54E08DEC2825BEF500463097 = {
			isa = PBXGroup;
			children = (
				54E08DF72825BEF500463097 /* Pokedex */,
				54E08E0E2825BEF700463097 /* PokedexTests */,
				54E08E182825BEF700463097 /* PokedexUITests */,
				54E08DF62825BEF500463097 /* Products */,
			);
			sourceTree = "<group>";
		};
		54E08DF62825BEF500463097 /* Products */ = {
			isa = PBXGroup;
			children = (
				54E08DF52825BEF500463097 /* Pokedex.app */,
				54E08E0B2825BEF700463097 /* PokedexTests.xctest */,
				54E08E152825BEF700463097 /* PokedexUITests.xctest */,
			);
			name = Products;
			sourceTree = "<group>";
		};
		54E08DF72825BEF500463097 /* Pokedex */ = {
			isa = PBXGroup;
			children = (
				543775E22829E1910029BF12 /* Data */,
				543775D02829B5720029BF12 /* Resources */,
				543775CC2825CBB60029BF12 /* Model */,
				54E08E282825C69F00463097 /* Presentation */,
				54E08DF82825BEF500463097 /* AppDelegate.swift */,
				54E08DFA2825BEF500463097 /* SceneDelegate.swift */,
				54E08E012825BEF700463097 /* Assets.xcassets */,
				54E08E032825BEF700463097 /* LaunchScreen.storyboard */,
				54E08E062825BEF700463097 /* Info.plist */,
			);
			path = Pokedex;
			sourceTree = "<group>";
		};
		54E08E0E2825BEF700463097 /* PokedexTests */ = {
			isa = PBXGroup;
			children = (
				54E08E0F2825BEF700463097 /* PokedexTests.swift */,
			);
			path = PokedexTests;
			sourceTree = "<group>";
		};
		54E08E182825BEF700463097 /* PokedexUITests */ = {
			isa = PBXGroup;
			children = (
				54E08E192825BEF700463097 /* PokedexUITests.swift */,
				54E08E1B2825BEF700463097 /* PokedexUITestsLaunchTests.swift */,
			);
			path = PokedexUITests;
			sourceTree = "<group>";
		};
		54E08E282825C69F00463097 /* Presentation */ = {
			isa = PBXGroup;
			children = (
				54E08E292825C6A900463097 /* Pokedex */,
			);
			path = Presentation;
			sourceTree = "<group>";
		};
		54E08E292825C6A900463097 /* Pokedex */ = {
			isa = PBXGroup;
			children = (
				54E08DFE2825BEF500463097 /* Main.storyboard */,
				54E08DFC2825BEF500463097 /* PokedexViewController.swift */,
				54E08E2A2825C70500463097 /* PokedexTableViewCell.swift */,
				54E08E2B2825C70500463097 /* PokedexTableViewCell.xib */,
			);
			path = Pokedex;
			sourceTree = "<group>";
		};
/* End PBXGroup section */

/* Begin PBXNativeTarget section */
		54E08DF42825BEF500463097 /* Pokedex */ = {
			isa = PBXNativeTarget;
			buildConfigurationList = 54E08E1F2825BEF700463097 /* Build configuration list for PBXNativeTarget "Pokedex" */;
			buildPhases = (
				54E08DF12825BEF500463097 /* Sources */,
				54E08DF22825BEF500463097 /* Frameworks */,
				54E08DF32825BEF500463097 /* Resources */,
			);
			buildRules = (
			);
			dependencies = (
			);
			name = Pokedex;
			packageProductDependencies = (
				543775E02829E14C0029BF12 /* Networking */,
			);
			productName = Pokedex;
			productReference = 54E08DF52825BEF500463097 /* Pokedex.app */;
			productType = "com.apple.product-type.application";
		};
		54E08E0A2825BEF700463097 /* PokedexTests */ = {
			isa = PBXNativeTarget;
			buildConfigurationList = 54E08E222825BEF700463097 /* Build configuration list for PBXNativeTarget "PokedexTests" */;
			buildPhases = (
				54E08E072825BEF700463097 /* Sources */,
				54E08E082825BEF700463097 /* Frameworks */,
				54E08E092825BEF700463097 /* Resources */,
			);
			buildRules = (
			);
			dependencies = (
				54E08E0D2825BEF700463097 /* PBXTargetDependency */,
			);
			name = PokedexTests;
			productName = PokedexTests;
			productReference = 54E08E0B2825BEF700463097 /* PokedexTests.xctest */;
			productType = "com.apple.product-type.bundle.unit-test";
		};
		54E08E142825BEF700463097 /* PokedexUITests */ = {
			isa = PBXNativeTarget;
			buildConfigurationList = 54E08E252825BEF700463097 /* Build configuration list for PBXNativeTarget "PokedexUITests" */;
			buildPhases = (
				54E08E112825BEF700463097 /* Sources */,
				54E08E122825BEF700463097 /* Frameworks */,
				54E08E132825BEF700463097 /* Resources */,
			);
			buildRules = (
			);
			dependencies = (
				54E08E172825BEF700463097 /* PBXTargetDependency */,
			);
			name = PokedexUITests;
			productName = PokedexUITests;
			productReference = 54E08E152825BEF700463097 /* PokedexUITests.xctest */;
			productType = "com.apple.product-type.bundle.ui-testing";
		};
/* End PBXNativeTarget section */

/* Begin PBXProject section */
		54E08DED2825BEF500463097 /* Project object */ = {
			isa = PBXProject;
			attributes = {
				BuildIndependentTargetsInParallel = 1;
				LastSwiftUpdateCheck = 1330;
				LastUpgradeCheck = 1330;
				TargetAttributes = {
					54E08DF42825BEF500463097 = {
						CreatedOnToolsVersion = 13.3.1;
					};
					54E08E0A2825BEF700463097 = {
						CreatedOnToolsVersion = 13.3.1;
						TestTargetID = 54E08DF42825BEF500463097;
					};
					54E08E142825BEF700463097 = {
						CreatedOnToolsVersion = 13.3.1;
						TestTargetID = 54E08DF42825BEF500463097;
					};
				};
			};
			buildConfigurationList = 54E08DF02825BEF500463097 /* Build configuration list for PBXProject "Pokedex" */;
			compatibilityVersion = "Xcode 13.0";
			developmentRegion = en;
			hasScannedForEncodings = 0;
			knownRegions = (
				en,
				Base,
			);
			mainGroup = 54E08DEC2825BEF500463097;
			packageReferences = (
				543775DF2829E14C0029BF12 /* XCRemoteSwiftPackageReference "Networking" */,
			);
			productRefGroup = 54E08DF62825BEF500463097 /* Products */;
			projectDirPath = "";
			projectRoot = "";
			targets = (
				54E08DF42825BEF500463097 /* Pokedex */,
				54E08E0A2825BEF700463097 /* PokedexTests */,
				54E08E142825BEF700463097 /* PokedexUITests */,
			);
		};
/* End PBXProject section */

/* Begin PBXResourcesBuildPhase section */
		54E08DF32825BEF500463097 /* Resources */ = {
			isa = PBXResourcesBuildPhase;
			buildActionMask = 2147483647;
			files = (
				543775D22829B5930029BF12 /* PokedexResponse.json in Resources */,
				54E08E2D2825C70500463097 /* PokedexTableViewCell.xib in Resources */,
				54E08E052825BEF700463097 /* LaunchScreen.storyboard in Resources */,
				54E08E022825BEF700463097 /* Assets.xcassets in Resources */,
				543775DE2829CC390029BF12 /* BulbasaurResponse.json in Resources */,
				54E08E002825BEF500463097 /* Main.storyboard in Resources */,
			);
			runOnlyForDeploymentPostprocessing = 0;
		};
		54E08E092825BEF700463097 /* Resources */ = {
			isa = PBXResourcesBuildPhase;
			buildActionMask = 2147483647;
			files = (
			);
			runOnlyForDeploymentPostprocessing = 0;
		};
		54E08E132825BEF700463097 /* Resources */ = {
			isa = PBXResourcesBuildPhase;
			buildActionMask = 2147483647;
			files = (
			);
			runOnlyForDeploymentPostprocessing = 0;
		};
/* End PBXResourcesBuildPhase section */

/* Begin PBXSourcesBuildPhase section */
		54E08DF12825BEF500463097 /* Sources */ = {
			isa = PBXSourcesBuildPhase;
			buildActionMask = 2147483647;
			files = (
				546E457F2829E1C100B2B6CF /* PokedexRequest.swift in Sources */,
				543775CF2825CBE90029BF12 /* Pokemon.swift in Sources */,
				54E08E2C2825C70500463097 /* PokedexTableViewCell.swift in Sources */,
				54E08DFD2825BEF500463097 /* PokedexViewController.swift in Sources */,
				546E45812829E4BB00B2B6CF /* PokemonExpandedRequest.swift in Sources */,
				54E08DF92825BEF500463097 /* AppDelegate.swift in Sources */,
				546E4585282B2D4700B2B6CF /* PokedexController.swift in Sources */,
				543775D62829C88B0029BF12 /* PokemonExpanded.swift in Sources */,
				543775D42829B6030029BF12 /* PokedexModel.swift in Sources */,
				54E08DFB2825BEF500463097 /* SceneDelegate.swift in Sources */,
			);
			runOnlyForDeploymentPostprocessing = 0;
		};
		54E08E072825BEF700463097 /* Sources */ = {
			isa = PBXSourcesBuildPhase;
			buildActionMask = 2147483647;
			files = (
				54E08E102825BEF700463097 /* PokedexTests.swift in Sources */,
			);
			runOnlyForDeploymentPostprocessing = 0;
		};
		54E08E112825BEF700463097 /* Sources */ = {
			isa = PBXSourcesBuildPhase;
			buildActionMask = 2147483647;
			files = (
				54E08E1A2825BEF700463097 /* PokedexUITests.swift in Sources */,
				54E08E1C2825BEF700463097 /* PokedexUITestsLaunchTests.swift in Sources */,
			);
			runOnlyForDeploymentPostprocessing = 0;
		};
/* End PBXSourcesBuildPhase section */

/* Begin PBXTargetDependency section */
		54E08E0D2825BEF700463097 /* PBXTargetDependency */ = {
			isa = PBXTargetDependency;
			target = 54E08DF42825BEF500463097 /* Pokedex */;
			targetProxy = 54E08E0C2825BEF700463097 /* PBXContainerItemProxy */;
		};
		54E08E172825BEF700463097 /* PBXTargetDependency */ = {
			isa = PBXTargetDependency;
			target = 54E08DF42825BEF500463097 /* Pokedex */;
			targetProxy = 54E08E162825BEF700463097 /* PBXContainerItemProxy */;
		};
/* End PBXTargetDependency section */

/* Begin PBXVariantGroup section */
		54E08DFE2825BEF500463097 /* Main.storyboard */ = {
			isa = PBXVariantGroup;
			children = (
				54E08DFF2825BEF500463097 /* Base */,
			);
			name = Main.storyboard;
			sourceTree = "<group>";
		};
		54E08E032825BEF700463097 /* LaunchScreen.storyboard */ = {
			isa = PBXVariantGroup;
			children = (
				54E08E042825BEF700463097 /* Base */,
			);
			name = LaunchScreen.storyboard;
			sourceTree = "<group>";
		};
/* End PBXVariantGroup section */

/* Begin XCBuildConfiguration section */
		54E08E1D2825BEF700463097 /* Debug */ = {
			isa = XCBuildConfiguration;
			buildSettings = {
				ALWAYS_SEARCH_USER_PATHS = NO;
				CLANG_ANALYZER_NONNULL = YES;
				CLANG_ANALYZER_NUMBER_OBJECT_CONVERSION = YES_AGGRESSIVE;
				CLANG_CXX_LANGUAGE_STANDARD = "gnu++17";
				CLANG_ENABLE_MODULES = YES;
				CLANG_ENABLE_OBJC_ARC = YES;
				CLANG_ENABLE_OBJC_WEAK = YES;
				CLANG_WARN_BLOCK_CAPTURE_AUTORELEASING = YES;
				CLANG_WARN_BOOL_CONVERSION = YES;
				CLANG_WARN_COMMA = YES;
				CLANG_WARN_CONSTANT_CONVERSION = YES;
				CLANG_WARN_DEPRECATED_OBJC_IMPLEMENTATIONS = YES;
				CLANG_WARN_DIRECT_OBJC_ISA_USAGE = YES_ERROR;
				CLANG_WARN_DOCUMENTATION_COMMENTS = YES;
				CLANG_WARN_EMPTY_BODY = YES;
				CLANG_WARN_ENUM_CONVERSION = YES;
				CLANG_WARN_INFINITE_RECURSION = YES;
				CLANG_WARN_INT_CONVERSION = YES;
				CLANG_WARN_NON_LITERAL_NULL_CONVERSION = YES;
				CLANG_WARN_OBJC_IMPLICIT_RETAIN_SELF = YES;
				CLANG_WARN_OBJC_LITERAL_CONVERSION = YES;
				CLANG_WARN_OBJC_ROOT_CLASS = YES_ERROR;
				CLANG_WARN_QUOTED_INCLUDE_IN_FRAMEWORK_HEADER = YES;
				CLANG_WARN_RANGE_LOOP_ANALYSIS = YES;
				CLANG_WARN_STRICT_PROTOTYPES = YES;
				CLANG_WARN_SUSPICIOUS_MOVE = YES;
				CLANG_WARN_UNGUARDED_AVAILABILITY = YES_AGGRESSIVE;
				CLANG_WARN_UNREACHABLE_CODE = YES;
				CLANG_WARN__DUPLICATE_METHOD_MATCH = YES;
				COPY_PHASE_STRIP = NO;
				DEBUG_INFORMATION_FORMAT = dwarf;
				ENABLE_STRICT_OBJC_MSGSEND = YES;
				ENABLE_TESTABILITY = YES;
				GCC_C_LANGUAGE_STANDARD = gnu11;
				GCC_DYNAMIC_NO_PIC = NO;
				GCC_NO_COMMON_BLOCKS = YES;
				GCC_OPTIMIZATION_LEVEL = 0;
				GCC_PREPROCESSOR_DEFINITIONS = (
					"DEBUG=1",
					"$(inherited)",
				);
				GCC_WARN_64_TO_32_BIT_CONVERSION = YES;
				GCC_WARN_ABOUT_RETURN_TYPE = YES_ERROR;
				GCC_WARN_UNDECLARED_SELECTOR = YES;
				GCC_WARN_UNINITIALIZED_AUTOS = YES_AGGRESSIVE;
				GCC_WARN_UNUSED_FUNCTION = YES;
				GCC_WARN_UNUSED_VARIABLE = YES;
				IPHONEOS_DEPLOYMENT_TARGET = 15.4;
				MTL_ENABLE_DEBUG_INFO = INCLUDE_SOURCE;
				MTL_FAST_MATH = YES;
				ONLY_ACTIVE_ARCH = YES;
				SDKROOT = iphoneos;
				SWIFT_ACTIVE_COMPILATION_CONDITIONS = DEBUG;
				SWIFT_OPTIMIZATION_LEVEL = "-Onone";
			};
			name = Debug;
		};
		54E08E1E2825BEF700463097 /* Release */ = {
			isa = XCBuildConfiguration;
			buildSettings = {
				ALWAYS_SEARCH_USER_PATHS = NO;
				CLANG_ANALYZER_NONNULL = YES;
				CLANG_ANALYZER_NUMBER_OBJECT_CONVERSION = YES_AGGRESSIVE;
				CLANG_CXX_LANGUAGE_STANDARD = "gnu++17";
				CLANG_ENABLE_MODULES = YES;
				CLANG_ENABLE_OBJC_ARC = YES;
				CLANG_ENABLE_OBJC_WEAK = YES;
				CLANG_WARN_BLOCK_CAPTURE_AUTORELEASING = YES;
				CLANG_WARN_BOOL_CONVERSION = YES;
				CLANG_WARN_COMMA = YES;
				CLANG_WARN_CONSTANT_CONVERSION = YES;
				CLANG_WARN_DEPRECATED_OBJC_IMPLEMENTATIONS = YES;
				CLANG_WARN_DIRECT_OBJC_ISA_USAGE = YES_ERROR;
				CLANG_WARN_DOCUMENTATION_COMMENTS = YES;
				CLANG_WARN_EMPTY_BODY = YES;
				CLANG_WARN_ENUM_CONVERSION = YES;
				CLANG_WARN_INFINITE_RECURSION = YES;
				CLANG_WARN_INT_CONVERSION = YES;
				CLANG_WARN_NON_LITERAL_NULL_CONVERSION = YES;
				CLANG_WARN_OBJC_IMPLICIT_RETAIN_SELF = YES;
				CLANG_WARN_OBJC_LITERAL_CONVERSION = YES;
				CLANG_WARN_OBJC_ROOT_CLASS = YES_ERROR;
				CLANG_WARN_QUOTED_INCLUDE_IN_FRAMEWORK_HEADER = YES;
				CLANG_WARN_RANGE_LOOP_ANALYSIS = YES;
				CLANG_WARN_STRICT_PROTOTYPES = YES;
				CLANG_WARN_SUSPICIOUS_MOVE = YES;
				CLANG_WARN_UNGUARDED_AVAILABILITY = YES_AGGRESSIVE;
				CLANG_WARN_UNREACHABLE_CODE = YES;
				CLANG_WARN__DUPLICATE_METHOD_MATCH = YES;
				COPY_PHASE_STRIP = NO;
				DEBUG_INFORMATION_FORMAT = "dwarf-with-dsym";
				ENABLE_NS_ASSERTIONS = NO;
				ENABLE_STRICT_OBJC_MSGSEND = YES;
				GCC_C_LANGUAGE_STANDARD = gnu11;
				GCC_NO_COMMON_BLOCKS = YES;
				GCC_WARN_64_TO_32_BIT_CONVERSION = YES;
				GCC_WARN_ABOUT_RETURN_TYPE = YES_ERROR;
				GCC_WARN_UNDECLARED_SELECTOR = YES;
				GCC_WARN_UNINITIALIZED_AUTOS = YES_AGGRESSIVE;
				GCC_WARN_UNUSED_FUNCTION = YES;
				GCC_WARN_UNUSED_VARIABLE = YES;
				IPHONEOS_DEPLOYMENT_TARGET = 15.4;
				MTL_ENABLE_DEBUG_INFO = NO;
				MTL_FAST_MATH = YES;
				SDKROOT = iphoneos;
				SWIFT_COMPILATION_MODE = wholemodule;
				SWIFT_OPTIMIZATION_LEVEL = "-O";
				VALIDATE_PRODUCT = YES;
			};
			name = Release;
		};
		54E08E202825BEF700463097 /* Debug */ = {
			isa = XCBuildConfiguration;
			buildSettings = {
				ASSETCATALOG_COMPILER_APPICON_NAME = AppIcon;
				ASSETCATALOG_COMPILER_GLOBAL_ACCENT_COLOR_NAME = AccentColor;
				CODE_SIGN_STYLE = Automatic;
				CURRENT_PROJECT_VERSION = 1;
				GENERATE_INFOPLIST_FILE = YES;
				INFOPLIST_FILE = Pokedex/Info.plist;
				INFOPLIST_KEY_UIApplicationSupportsIndirectInputEvents = YES;
				INFOPLIST_KEY_UILaunchStoryboardName = LaunchScreen;
				INFOPLIST_KEY_UIMainStoryboardFile = Main;
				INFOPLIST_KEY_UISupportedInterfaceOrientations_iPad = "UIInterfaceOrientationPortrait UIInterfaceOrientationPortraitUpsideDown UIInterfaceOrientationLandscapeLeft UIInterfaceOrientationLandscapeRight";
				INFOPLIST_KEY_UISupportedInterfaceOrientations_iPhone = "UIInterfaceOrientationPortrait UIInterfaceOrientationLandscapeLeft UIInterfaceOrientationLandscapeRight";
				LD_RUNPATH_SEARCH_PATHS = (
					"$(inherited)",
					"@executable_path/Frameworks",
				);
				MARKETING_VERSION = 1.0;
				PRODUCT_BUNDLE_IDENTIFIER = com.bauri.Pokedex;
				PRODUCT_NAME = "$(TARGET_NAME)";
				SWIFT_EMIT_LOC_STRINGS = YES;
				SWIFT_VERSION = 5.0;
				TARGETED_DEVICE_FAMILY = "1,2";
			};
			name = Debug;
		};
		54E08E212825BEF700463097 /* Release */ = {
			isa = XCBuildConfiguration;
			buildSettings = {
				ASSETCATALOG_COMPILER_APPICON_NAME = AppIcon;
				ASSETCATALOG_COMPILER_GLOBAL_ACCENT_COLOR_NAME = AccentColor;
				CODE_SIGN_STYLE = Automatic;
				CURRENT_PROJECT_VERSION = 1;
				GENERATE_INFOPLIST_FILE = YES;
				INFOPLIST_FILE = Pokedex/Info.plist;
				INFOPLIST_KEY_UIApplicationSupportsIndirectInputEvents = YES;
				INFOPLIST_KEY_UILaunchStoryboardName = LaunchScreen;
				INFOPLIST_KEY_UIMainStoryboardFile = Main;
				INFOPLIST_KEY_UISupportedInterfaceOrientations_iPad = "UIInterfaceOrientationPortrait UIInterfaceOrientationPortraitUpsideDown UIInterfaceOrientationLandscapeLeft UIInterfaceOrientationLandscapeRight";
				INFOPLIST_KEY_UISupportedInterfaceOrientations_iPhone = "UIInterfaceOrientationPortrait UIInterfaceOrientationLandscapeLeft UIInterfaceOrientationLandscapeRight";
				LD_RUNPATH_SEARCH_PATHS = (
					"$(inherited)",
					"@executable_path/Frameworks",
				);
				MARKETING_VERSION = 1.0;
				PRODUCT_BUNDLE_IDENTIFIER = com.bauri.Pokedex;
				PRODUCT_NAME = "$(TARGET_NAME)";
				SWIFT_EMIT_LOC_STRINGS = YES;
				SWIFT_VERSION = 5.0;
				TARGETED_DEVICE_FAMILY = "1,2";
			};
			name = Release;
		};
		54E08E232825BEF700463097 /* Debug */ = {
			isa = XCBuildConfiguration;
			buildSettings = {
				ALWAYS_EMBED_SWIFT_STANDARD_LIBRARIES = YES;
				BUNDLE_LOADER = "$(TEST_HOST)";
				CODE_SIGN_STYLE = Automatic;
				CURRENT_PROJECT_VERSION = 1;
				GENERATE_INFOPLIST_FILE = YES;
				IPHONEOS_DEPLOYMENT_TARGET = 15.4;
				MARKETING_VERSION = 1.0;
				PRODUCT_BUNDLE_IDENTIFIER = com.bauri.PokedexTests;
				PRODUCT_NAME = "$(TARGET_NAME)";
				SWIFT_EMIT_LOC_STRINGS = NO;
				SWIFT_VERSION = 5.0;
				TARGETED_DEVICE_FAMILY = "1,2";
				TEST_HOST = "$(BUILT_PRODUCTS_DIR)/Pokedex.app/Pokedex";
			};
			name = Debug;
		};
		54E08E242825BEF700463097 /* Release */ = {
			isa = XCBuildConfiguration;
			buildSettings = {
				ALWAYS_EMBED_SWIFT_STANDARD_LIBRARIES = YES;
				BUNDLE_LOADER = "$(TEST_HOST)";
				CODE_SIGN_STYLE = Automatic;
				CURRENT_PROJECT_VERSION = 1;
				GENERATE_INFOPLIST_FILE = YES;
				IPHONEOS_DEPLOYMENT_TARGET = 15.4;
				MARKETING_VERSION = 1.0;
				PRODUCT_BUNDLE_IDENTIFIER = com.bauri.PokedexTests;
				PRODUCT_NAME = "$(TARGET_NAME)";
				SWIFT_EMIT_LOC_STRINGS = NO;
				SWIFT_VERSION = 5.0;
				TARGETED_DEVICE_FAMILY = "1,2";
				TEST_HOST = "$(BUILT_PRODUCTS_DIR)/Pokedex.app/Pokedex";
			};
			name = Release;
		};
		54E08E262825BEF700463097 /* Debug */ = {
			isa = XCBuildConfiguration;
			buildSettings = {
				ALWAYS_EMBED_SWIFT_STANDARD_LIBRARIES = YES;
				CODE_SIGN_STYLE = Automatic;
				CURRENT_PROJECT_VERSION = 1;
				GENERATE_INFOPLIST_FILE = YES;
				MARKETING_VERSION = 1.0;
				PRODUCT_BUNDLE_IDENTIFIER = com.bauri.PokedexUITests;
				PRODUCT_NAME = "$(TARGET_NAME)";
				SWIFT_EMIT_LOC_STRINGS = NO;
				SWIFT_VERSION = 5.0;
				TARGETED_DEVICE_FAMILY = "1,2";
				TEST_TARGET_NAME = Pokedex;
			};
			name = Debug;
		};
		54E08E272825BEF700463097 /* Release */ = {
			isa = XCBuildConfiguration;
			buildSettings = {
				ALWAYS_EMBED_SWIFT_STANDARD_LIBRARIES = YES;
				CODE_SIGN_STYLE = Automatic;
				CURRENT_PROJECT_VERSION = 1;
				GENERATE_INFOPLIST_FILE = YES;
				MARKETING_VERSION = 1.0;
				PRODUCT_BUNDLE_IDENTIFIER = com.bauri.PokedexUITests;
				PRODUCT_NAME = "$(TARGET_NAME)";
				SWIFT_EMIT_LOC_STRINGS = NO;
				SWIFT_VERSION = 5.0;
				TARGETED_DEVICE_FAMILY = "1,2";
				TEST_TARGET_NAME = Pokedex;
			};
			name = Release;
		};
/* End XCBuildConfiguration section */

/* Begin XCConfigurationList section */
		54E08DF02825BEF500463097 /* Build configuration list for PBXProject "Pokedex" */ = {
			isa = XCConfigurationList;
			buildConfigurations = (
				54E08E1D2825BEF700463097 /* Debug */,
				54E08E1E2825BEF700463097 /* Release */,
			);
			defaultConfigurationIsVisible = 0;
			defaultConfigurationName = Release;
		};
		54E08E1F2825BEF700463097 /* Build configuration list for PBXNativeTarget "Pokedex" */ = {
			isa = XCConfigurationList;
			buildConfigurations = (
				54E08E202825BEF700463097 /* Debug */,
				54E08E212825BEF700463097 /* Release */,
			);
			defaultConfigurationIsVisible = 0;
			defaultConfigurationName = Release;
		};
		54E08E222825BEF700463097 /* Build configuration list for PBXNativeTarget "PokedexTests" */ = {
			isa = XCConfigurationList;
			buildConfigurations = (
				54E08E232825BEF700463097 /* Debug */,
				54E08E242825BEF700463097 /* Release */,
			);
			defaultConfigurationIsVisible = 0;
			defaultConfigurationName = Release;
		};
		54E08E252825BEF700463097 /* Build configuration list for PBXNativeTarget "PokedexUITests" */ = {
			isa = XCConfigurationList;
			buildConfigurations = (
				54E08E262825BEF700463097 /* Debug */,
				54E08E272825BEF700463097 /* Release */,
			);
			defaultConfigurationIsVisible = 0;
			defaultConfigurationName = Release;
		};
/* End XCConfigurationList section */

/* Begin XCRemoteSwiftPackageReference section */
		543775DF2829E14C0029BF12 /* XCRemoteSwiftPackageReference "Networking" */ = {
			isa = XCRemoteSwiftPackageReference;
			repositoryURL = "https://github.com/mdb1/Networking.git";
			requirement = {
				branch = master;
				kind = branch;
			};
		};
/* End XCRemoteSwiftPackageReference section */

/* Begin XCSwiftPackageProductDependency section */
		543775E02829E14C0029BF12 /* Networking */ = {
			isa = XCSwiftPackageProductDependency;
			package = 543775DF2829E14C0029BF12 /* XCRemoteSwiftPackageReference "Networking" */;
			productName = Networking;
		};
/* End XCSwiftPackageProductDependency section */
	};
	rootObject = 54E08DED2825BEF500463097 /* Project object */;
}
